
Microsoft Visual Studio Solution File, Format Version 12.00
# Visual Studio Version 16
VisualStudioVersion = 16.0.31005.135
MinimumVisualStudioVersion = 10.0.40219.1
Project("{FAE04EC0-301F-11D3-BF4B-00C04F79EFBC}") = "Colecciones", "Colecciones\Colecciones.csproj", "{66B63D98-F69F-403D-A7E3-B34880135079}"
EndProject
Global
	GlobalSection(SolutionConfigurationPlatforms) = preSolution
		Debug|Any CPU = Debug|Any CPU
		Release|Any CPU = Release|Any CPU
	EndGlobalSection
	GlobalSection(ProjectConfigurationPlatforms) = postSolution
		{66B63D98-F69F-403D-A7E3-B34880135079}.Debug|Any CPU.ActiveCfg = Debug|Any CPU
		{66B63D98-F69F-403D-A7E3-B34880135079}.Debug|Any CPU.Build.0 = Debug|Any CPU
		{66B63D98-F69F-403D-A7E3-B34880135079}.Release|Any CPU.ActiveCfg = Release|Any CPU
		{66B63D98-F69F-403D-A7E3-B34880135079}.Release|Any CPU.Build.0 = Release|Any CPU
	EndGlobalSection
	GlobalSection(SolutionProperties) = preSolution
		HideSolutionNode = FALSE
	EndGlobalSection
	GlobalSection(ExtensibilityGlobals) = postSolution
		SolutionGuid = {698DDE67-C768-44DC-B28E-E3EB627DCDA1}
	EndGlobalSection
EndGlobal
